
Microsoft Visual Studio Solution File, Format Version 12.00
# Visual Studio Version 16
VisualStudioVersion = 16.0.32002.261
MinimumVisualStudioVersion = 10.0.40219.1
Project("{8BC9CEB8-8B4A-11D0-8D11-00A0C91BC942}") = "pipeserver", "pipeserver\pipeserver.vcxproj", "{A4190AF1-9F1C-4257-AA1A-3CDC70FE72D9}"
EndProject
Global
	GlobalSection(SolutionConfigurationPlatforms) = preSolution
		Debug|x64 = Debug|x64
		Debug|x86 = Debug|x86
		Release|x64 = Release|x64
		Release|x86 = Release|x86
	EndGlobalSection
	GlobalSection(ProjectConfigurationPlatforms) = postSolution
		{A4190AF1-9F1C-4257-AA1A-3CDC70FE72D9}.Debug|x64.ActiveCfg = Debug|x64
		{A4190AF1-9F1C-4257-AA1A-3CDC70FE72D9}.Debug|x64.Build.0 = Debug|x64
		{A4190AF1-9F1C-4257-AA1A-3CDC70FE72D9}.Debug|x86.ActiveCfg = Debug|Win32
		{A4190AF1-9F1C-4257-AA1A-3CDC70FE72D9}.Debug|x86.Build.0 = Debug|Win32
		{A4190AF1-9F1C-4257-AA1A-3CDC70FE72D9}.Release|x64.ActiveCfg = Release|x64
		{A4190AF1-9F1C-4257-AA1A-3CDC70FE72D9}.Release|x64.Build.0 = Release|x64
		{A4190AF1-9F1C-4257-AA1A-3CDC70FE72D9}.Release|x86.ActiveCfg = Release|Win32
		{A4190AF1-9F1C-4257-AA1A-3CDC70FE72D9}.Release|x86.Build.0 = Release|Win32
	EndGlobalSection
	GlobalSection(SolutionProperties) = preSolution
		HideSolutionNode = FALSE
	EndGlobalSection
	GlobalSection(ExtensibilityGlobals) = postSolution
		SolutionGuid = {21635AAD-9C1C-4E6C-82E3-8F8E3BB200D4}
	EndGlobalSection
EndGlobal
